{
  "version": 4,
  "terraform_version": "1.8.2",
  "serial": 5,
  "lineage": "cdc42602-4b8b-d0eb-b90f-208386a3cdb0",
  "outputs": {},
  "resources": [
    {
      "mode": "data",
      "type": "google_container_engine_versions",
      "name": "gke_version",
      "provider": "provider[\"registry.terraform.io/hashicorp/google\"]",
      "instances": [
        {
          "schema_version": 0,
          "attributes": {
            "default_cluster_version": "1.28.7-gke.1026000",
            "id": "2024-05-18 07:25:58.9497495 +0000 UTC",
            "latest_master_version": "1.27.13-gke.1166000",
            "latest_node_version": "1.27.13-gke.1166000",
            "location": "asia-southeast2-a",
            "project": null,
            "release_channel_default_version": {
              "RAPID": "1.29.3-gke.1282001",
              "REGULAR": "1.28.7-gke.1026000",
              "STABLE": "1.27.11-gke.1062001"
            },
            "release_channel_latest_version": {
              "RAPID": "1.27.13-gke.1166000",
              "REGULAR": "1.27.12-gke.1115000",
              "STABLE": "1.27.11-gke.1062003"
            },
            "valid_master_versions": [
              "1.27.13-gke.1166000",
              "1.27.13-gke.1000000",
              "1.27.12-gke.1115000",
              "1.27.11-gke.1062003",
              "1.27.11-gke.1062001",
              "1.27.11-gke.1062000",
              "1.27.8-gke.1067004"
            ],
            "valid_node_versions": [
              "1.27.13-gke.1166000",
              "1.27.13-gke.1070000",
              "1.27.13-gke.1000000",
              "1.27.12-gke.1190000",
              "1.27.12-gke.1115000",
              "1.27.11-gke.1202000",
              "1.27.11-gke.1118000",
              "1.27.11-gke.1062003",
              "1.27.11-gke.1062001",
              "1.27.11-gke.1062000",
              "1.27.11-gke.1018000",
              "1.27.10-gke.1207000",
              "1.27.10-gke.1152000",
              "1.27.10-gke.1055000",
              "1.27.9-gke.1092000",
              "1.27.8-gke.1067004",
              "1.27.8-gke.1067000",
              "1.27.7-gke.1293000",
              "1.27.7-gke.1121002",
              "1.27.7-gke.1121000",
              "1.27.7-gke.1088000",
              "1.27.7-gke.1056000",
              "1.27.7-gke.1038000",
              "1.27.6-gke.1506000",
              "1.27.6-gke.1445000",
              "1.27.6-gke.1248000",
              "1.27.5-gke.200",
              "1.27.4-gke.900",
              "1.27.3-gke.1700",
              "1.27.3-gke.100",
              "1.27.2-gke.2100",
              "1.27.2-gke.1200"
            ],
            "version_prefix": "1.27."
          },
          "sensitive_attributes": []
        }
      ]
    },
    {
      "mode": "managed",
      "type": "google_compute_network",
      "name": "vpc",
      "provider": "provider[\"registry.terraform.io/hashicorp/google\"]",
      "instances": [
        {
          "schema_version": 0,
          "attributes": {
            "auto_create_subnetworks": false,
            "delete_default_routes_on_create": false,
            "description": "",
            "enable_ula_internal_ipv6": false,
            "gateway_ipv4": "",
            "id": "projects/devops-project-wizard-crud/global/networks/devops-project-wizard-crud-vpc",
            "internal_ipv6_range": "",
            "mtu": 0,
            "name": "devops-project-wizard-crud-vpc",
            "network_firewall_policy_enforcement_order": "AFTER_CLASSIC_FIREWALL",
            "project": "devops-project-wizard-crud",
            "routing_mode": "REGIONAL",
            "self_link": "https://www.googleapis.com/compute/v1/projects/devops-project-wizard-crud/global/networks/devops-project-wizard-crud-vpc",
            "timeouts": null
          },
          "sensitive_attributes": [],
          "private": "eyJlMmJmYjczMC1lY2FhLTExZTYtOGY4OC0zNDM2M2JjN2M0YzAiOnsiY3JlYXRlIjoxMjAwMDAwMDAwMDAwLCJkZWxldGUiOjEyMDAwMDAwMDAwMDAsInVwZGF0ZSI6MTIwMDAwMDAwMDAwMH19"
        }
      ]
    },
    {
      "mode": "managed",
      "type": "google_compute_subnetwork",
      "name": "subnet",
      "provider": "provider[\"registry.terraform.io/hashicorp/google\"]",
      "instances": [
        {
          "schema_version": 0,
          "attributes": {
            "creation_timestamp": "2024-05-18T00:26:31.608-07:00",
            "description": "",
            "external_ipv6_prefix": "",
            "fingerprint": null,
            "gateway_address": "10.10.0.1",
            "id": "projects/devops-project-wizard-crud/regions/asia-southeast2/subnetworks/devops-project-wizard-crud-subnet",
            "ip_cidr_range": "10.10.0.0/24",
            "ipv6_access_type": "",
            "ipv6_cidr_range": "",
            "log_config": [],
            "name": "devops-project-wizard-crud-subnet",
            "network": "https://www.googleapis.com/compute/v1/projects/devops-project-wizard-crud/global/networks/devops-project-wizard-crud-vpc",
            "private_ip_google_access": false,
            "private_ipv6_google_access": "DISABLE_GOOGLE_ACCESS",
            "project": "devops-project-wizard-crud",
            "purpose": "PRIVATE",
            "region": "asia-southeast2",
            "role": "",
            "secondary_ip_range": [],
            "self_link": "https://www.googleapis.com/compute/v1/projects/devops-project-wizard-crud/regions/asia-southeast2/subnetworks/devops-project-wizard-crud-subnet",
            "stack_type": "IPV4_ONLY",
            "timeouts": null
          },
          "sensitive_attributes": [],
          "private": "eyJlMmJmYjczMC1lY2FhLTExZTYtOGY4OC0zNDM2M2JjN2M0YzAiOnsiY3JlYXRlIjoxMjAwMDAwMDAwMDAwLCJkZWxldGUiOjEyMDAwMDAwMDAwMDAsInVwZGF0ZSI6MTIwMDAwMDAwMDAwMH19",
          "dependencies": [
            "google_compute_network.vpc"
          ]
        }
      ]
    },
    {
      "mode": "managed",
      "type": "google_container_cluster",
      "name": "primary",
      "provider": "provider[\"registry.terraform.io/hashicorp/google\"]",
      "instances": [
        {
          "schema_version": 1,
          "attributes": {
            "addons_config": [
              {
                "cloudrun_config": [],
                "config_connector_config": [],
                "dns_cache_config": [],
                "gce_persistent_disk_csi_driver_config": [
                  {
                    "enabled": true
                  }
                ],
                "gcp_filestore_csi_driver_config": [],
                "gke_backup_agent_config": [],
                "horizontal_pod_autoscaling": [],
                "http_load_balancing": [],
                "network_policy_config": [
                  {
                    "disabled": true
                  }
                ]
              }
            ],
            "authenticator_groups_config": [],
            "binary_authorization": [
              {
                "enabled": false,
                "evaluation_mode": ""
              }
            ],
            "cluster_autoscaling": [
              {
                "auto_provisioning_defaults": [],
                "enabled": false,
                "resource_limits": []
              }
            ],
            "cluster_ipv4_cidr": "10.220.0.0/14",
            "confidential_nodes": [],
            "cost_management_config": [],
            "database_encryption": [
              {
                "key_name": "",
                "state": "DECRYPTED"
              }
            ],
            "datapath_provider": "",
            "default_max_pods_per_node": null,
            "default_snat_status": [
              {
                "disabled": false
              }
            ],
            "description": "",
            "dns_config": [],
            "enable_autopilot": false,
            "enable_binary_authorization": false,
            "enable_intranode_visibility": false,
            "enable_kubernetes_alpha": false,
            "enable_l4_ilb_subsetting": false,
            "enable_legacy_abac": false,
            "enable_shielded_nodes": true,
            "enable_tpu": false,
            "endpoint": "34.101.125.78",
            "gateway_api_config": [],
            "id": "projects/devops-project-wizard-crud/locations/asia-southeast2-a/clusters/devops-project-wizard-crud-cluster",
            "initial_node_count": 1,
            "ip_allocation_policy": [],
            "label_fingerprint": "a9dc16a7",
            "location": "asia-southeast2-a",
            "logging_config": [
              {
                "enable_components": [
                  "SYSTEM_COMPONENTS",
                  "WORKLOADS"
                ]
              }
            ],
            "logging_service": "logging.googleapis.com/kubernetes",
            "maintenance_policy": [],
            "master_auth": [
              {
                "client_certificate": "",
                "client_certificate_config": [
                  {
                    "issue_client_certificate": false
                  }
                ],
                "client_key": "",
                "cluster_ca_certificate": "LS0tLS1CRUdJTiBDRVJUSUZJQ0FURS0tLS0tCk1JSUVMRENDQXBTZ0F3SUJBZ0lRWEQ5cElqbHlwR0hFVE1PNDcrWXlPekFOQmdrcWhraUc5dzBCQVFzRkFEQXYKTVMwd0t3WURWUVFERXlReVlUYzBabVUxTlMwMU1EZGlMVFF3WmpndFlqQm1aQzFpTW1Ka05XSmxPREEzTmpJdwpJQmNOTWpRd05URTRNRFl5TnpBeldoZ1BNakExTkRBMU1URXdOekkzTUROYU1DOHhMVEFyQmdOVkJBTVRKREpoCk56Um1aVFUxTFRVd04ySXROREJtT0MxaU1HWmtMV0l5WW1RMVltVTRNRGMyTWpDQ0FhSXdEUVlKS29aSWh2Y04KQVFFQkJRQURnZ0dQQURDQ0FZb0NnZ0dCQU1abTZSMXN2MGhER0dDR3UvQWhWcHJGb1RxaEVzdHR0SkJJamp5YQpLbkpLL2pDMW5saDcvUXhqL1FJeVkvM0RtOW0rSGFjVTRHWHQzNXhQaDNMZElwam5UK0ZodDJkKzJOZERTWEw5CnRQc1NrcEw2eGFoaUhXeHcxMDdoUXdCTEt2WlkyNjdGcG5WNldybEIzVHZmc2pERjZ0aEV2a0NSYUkrRDRNZW8KTit0UjdRbWxnRWxSeERuNFhPRXgxb2NuVWNQcUhoc2VFV3IvYjBVMDg2QVpmSXhuaHhMTjUzNnZJRVpNSnlpNwo3UzhocHgyenZiZUFxRWJTeEt4Ny9TcXlSM0pGMFFSSnV2RTRJQ3h4QytjSDBNODFLa0JOeitWZmhpdWJzS0NxCk1IYzNVZFRETnExeVVWUTcwTXNwdDJudlZ0akpDSlo2SVZvc1VyOVM3bGF1WklvYVIyMGpWaFZWMWovNUlOUXQKbUdtMkhxMWJ3YStobXFINkVvV1VDQUsybTFZMjRzT2JmV3RXdnZKeENaYXgvTVB3UUhGSWRtRk1xQjNJTXljaQpqdkFqRU1ETkZDanVmRXlkZExFMVlFTmZXNkQvalNJdzRKUnQ4TVNGSnlKYVVoa092NW5SL1ppZzFvRFlZZ3J3CngrK3kzdmM0YldNbFFYQ0JSU1NTN0piVXZRSURBUUFCbzBJd1FEQU9CZ05WSFE4QkFmOEVCQU1DQWdRd0R3WUQKVlIwVEFRSC9CQVV3QXdFQi96QWRCZ05WSFE0RUZnUVUwTGVrNXdxVi9mM1NqY1FXZXNjcVNtWGlqc0V3RFFZSgpLb1pJaHZjTkFRRUxCUUFEZ2dHQkFEK2lzbzIvaXR3YmdJNlZaT2hTWk1DNlVEVjBvcUoreG1hUHdtV0pyRkxhClhvekZoUEY2RVgwSWRpd2owaEtrcTJLaGxTRHZHaGJDRDhjTmdHZVFZOUZ2S3g1a0FGR0I2cHZLaHJOaE1SUEIKQVE2T1hzTjlxcDNBcWg1b3VxNkpTQmRyVndnRjB5VVZMSysxMGJHNzAyY3VMbCtERnpVQm1UcFl0UHFtck4yWgpKRGNobHFibS91bVkzRHNHeTZ4OEp3SCsvdmRTR0hxMVhvbm5uT1FheXY5K0pFaUlnbXVPL1lINk9NMFJhVXh5CjBWMTk0cG9SYkZKK3NhRXoyNW1WclpSSjFQVXE1R2k1ajMrR0hZeTMvaXMvVTNwMXZkdFRtRlpxRDRVTERMbzUKQ2krNGlqZFdZZzBIdDZzaUhxNHVxYzRtL0V0dTA4azNuQzdxZWtZM0M0OUVCL0RQMjVhelpSNUY5Y0lxOHFEWAo2UElkRWpObTNuaHVDSEpFTG1JTTQ0MDdzUWdxa0xsSWFKTTkxUzM2MlBnOXVFOWh5SEk0SXQxRDFKQnlBTHBUCkVSc2VoL0hIR1NVNkJaMWRyZktYUWVkSXJMTUttdjF0Zm1aVHZ2QkY1bGxOK3dLaU55bFo5MndWZm5ObnlXbEQKN3N1UmY0NWlzZ3dXY0JPN3plNjJXQT09Ci0tLS0tRU5EIENFUlRJRklDQVRFLS0tLS0K"
              }
            ],
            "master_authorized_networks_config": [],
            "master_version": "1.28.7-gke.1026000",
            "mesh_certificates": [],
            "min_master_version": null,
            "monitoring_config": [
              {
                "enable_components": [
                  "SYSTEM_COMPONENTS"
                ],
                "managed_prometheus": [
                  {
                    "enabled": true
                  }
                ]
              }
            ],
            "monitoring_service": "monitoring.googleapis.com/kubernetes",
            "name": "devops-project-wizard-crud-cluster",
            "network": "projects/devops-project-wizard-crud/global/networks/devops-project-wizard-crud-vpc",
            "network_policy": [
              {
                "enabled": false,
                "provider": "PROVIDER_UNSPECIFIED"
              }
            ],
            "networking_mode": "ROUTES",
            "node_config": [],
            "node_locations": [],
            "node_pool": [],
            "node_pool_defaults": [
              {
                "node_config_defaults": [
                  {
                    "logging_variant": "DEFAULT"
                  }
                ]
              }
            ],
            "node_version": "1.28.7-gke.1026000",
            "notification_config": [
              {
                "pubsub": [
                  {
                    "enabled": false,
                    "filter": [],
                    "topic": ""
                  }
                ]
              }
            ],
            "operation": null,
            "private_cluster_config": [
              {
                "enable_private_endpoint": false,
                "enable_private_nodes": false,
                "master_global_access_config": [
                  {
                    "enabled": false
                  }
                ],
                "master_ipv4_cidr_block": "",
                "peering_name": "",
                "private_endpoint": "10.10.0.2",
                "private_endpoint_subnetwork": "",
                "public_endpoint": "34.101.125.78"
              }
            ],
            "private_ipv6_google_access": "",
            "project": "devops-project-wizard-crud",
            "release_channel": [
              {
                "channel": "REGULAR"
              }
            ],
            "remove_default_node_pool": true,
            "resource_labels": null,
            "resource_usage_export_config": [],
            "security_posture_config": [
              {
                "mode": "BASIC",
                "vulnerability_mode": "VULNERABILITY_MODE_UNSPECIFIED"
              }
            ],
            "self_link": "https://container.googleapis.com/v1/projects/devops-project-wizard-crud/zones/asia-southeast2-a/clusters/devops-project-wizard-crud-cluster",
            "service_external_ips_config": [
              {
                "enabled": false
              }
            ],
            "services_ipv4_cidr": "10.223.240.0/20",
            "subnetwork": "projects/devops-project-wizard-crud/regions/asia-southeast2/subnetworks/devops-project-wizard-crud-subnet",
            "timeouts": null,
            "tpu_ipv4_cidr_block": "",
            "vertical_pod_autoscaling": [],
            "workload_identity_config": []
          },
          "sensitive_attributes": [
            [
              {
                "type": "get_attr",
                "value": "master_auth"
              },
              {
                "type": "index",
                "value": {
                  "value": 0,
                  "type": "number"
                }
              },
              {
                "type": "get_attr",
                "value": "client_key"
              }
            ]
          ],
          "private": "eyJlMmJmYjczMC1lY2FhLTExZTYtOGY4OC0zNDM2M2JjN2M0YzAiOnsiY3JlYXRlIjoyNDAwMDAwMDAwMDAwLCJkZWxldGUiOjI0MDAwMDAwMDAwMDAsInJlYWQiOjI0MDAwMDAwMDAwMDAsInVwZGF0ZSI6MzYwMDAwMDAwMDAwMH0sInNjaGVtYV92ZXJzaW9uIjoiMSJ9",
          "dependencies": [
            "google_compute_network.vpc",
            "google_compute_subnetwork.subnet"
          ]
        }
      ]
    },
    {
      "mode": "managed",
      "type": "google_container_node_pool",
      "name": "primary_nodes",
      "provider": "provider[\"registry.terraform.io/hashicorp/google\"]",
      "instances": [
        {
          "schema_version": 1,
          "attributes": {
            "autoscaling": [],
            "cluster": "devops-project-wizard-crud-cluster",
            "id": "projects/devops-project-wizard-crud/locations/asia-southeast2-a/clusters/devops-project-wizard-crud-cluster/nodePools/devops-project-wizard-crud-cluster",
            "initial_node_count": 2,
            "instance_group_urls": [
              "https://www.googleapis.com/compute/v1/projects/devops-project-wizard-crud/zones/asia-southeast2-a/instanceGroupManagers/gke-devops-project-w-devops-project-w-9f057b0e-grp"
            ],
            "location": "asia-southeast2-a",
            "managed_instance_group_urls": [
              "https://www.googleapis.com/compute/v1/projects/devops-project-wizard-crud/zones/asia-southeast2-a/instanceGroups/gke-devops-project-w-devops-project-w-9f057b0e-grp"
            ],
            "management": [
              {
                "auto_repair": true,
                "auto_upgrade": true
              }
            ],
            "max_pods_per_node": null,
            "name": "devops-project-wizard-crud-cluster",
            "name_prefix": "",
            "network_config": [
              {
                "create_pod_range": false,
                "enable_private_nodes": false,
                "pod_cidr_overprovision_config": [],
                "pod_ipv4_cidr_block": "",
                "pod_range": ""
              }
            ],
            "node_config": [
              {
                "advanced_machine_features": [],
                "boot_disk_kms_key": "",
                "disk_size_gb": 10,
                "disk_type": "pd-standard",
                "ephemeral_storage_local_ssd_config": [],
                "gcfs_config": [],
                "guest_accelerator": [],
                "gvnic": [],
                "image_type": "COS_CONTAINERD",
                "kubelet_config": [],
                "labels": {
                  "env": "production"
                },
                "linux_node_config": [],
                "local_nvme_ssd_block_config": [],
                "local_ssd_count": 0,
                "logging_variant": "DEFAULT",
                "machine_type": "e2-medium",
                "metadata": {
                  "disable-legacy-endpoints": "true"
                },
                "min_cpu_platform": "",
                "node_group": "",
                "oauth_scopes": [
                  "https://www.googleapis.com/auth/logging.write",
                  "https://www.googleapis.com/auth/monitoring"
                ],
                "preemptible": false,
                "reservation_affinity": [],
                "resource_labels": null,
                "service_account": "default",
                "shielded_instance_config": [
                  {
                    "enable_integrity_monitoring": true,
                    "enable_secure_boot": false
                  }
                ],
                "sole_tenant_config": [],
                "spot": false,
                "tags": [
                  "gke-node",
                  "devops-project-wizard-crud-gke"
                ],
                "taint": [],
                "workload_metadata_config": []
              }
            ],
            "node_count": 2,
            "node_locations": [
              "asia-southeast2-a"
            ],
            "operation": null,
            "placement_policy": [],
            "project": "devops-project-wizard-crud",
            "timeouts": null,
            "upgrade_settings": [
              {
                "blue_green_settings": [],
                "max_surge": 1,
                "max_unavailable": 0,
                "strategy": "SURGE"
              }
            ],
            "version": "1.27.11-gke.1062003"
          },
          "sensitive_attributes": [],
          "private": "eyJlMmJmYjczMC1lY2FhLTExZTYtOGY4OC0zNDM2M2JjN2M0YzAiOnsiY3JlYXRlIjoxODAwMDAwMDAwMDAwLCJkZWxldGUiOjE4MDAwMDAwMDAwMDAsInVwZGF0ZSI6MTgwMDAwMDAwMDAwMH0sInNjaGVtYV92ZXJzaW9uIjoiMSJ9",
          "dependencies": [
            "data.google_container_engine_versions.gke_version",
            "google_compute_network.vpc",
            "google_compute_subnetwork.subnet",
            "google_container_cluster.primary"
          ]
        }
      ]
    }
  ],
  "check_results": null
}
