{
  "version": 4,
  "terraform_version": "1.8.2",
  "serial": 3,
  "lineage": "1eff7421-aab3-7ed1-575a-3321fe735c4e",
  "outputs": {
    "cluster_endpoint": {
      "value": "34.28.170.115",
      "type": "string"
    }
  },
  "resources": [
    {
      "mode": "managed",
      "type": "google_container_cluster",
      "name": "primary",
      "provider": "provider[\"registry.terraform.io/hashicorp/google\"]",
      "instances": [
        {
          "schema_version": 1,
          "attributes": {
            "addons_config": [
              {
                "cloudrun_config": [],
                "horizontal_pod_autoscaling": [],
                "http_load_balancing": [],
                "network_policy_config": [
                  {
                    "disabled": true
                  }
                ]
              }
            ],
            "authenticator_groups_config": [],
            "cluster_autoscaling": [
              {
                "auto_provisioning_defaults": [],
                "enabled": false,
                "resource_limits": []
              }
            ],
            "cluster_ipv4_cidr": "10.68.0.0/14",
            "database_encryption": [
              {
                "key_name": "",
                "state": "DECRYPTED"
              }
            ],
            "datapath_provider": "",
            "default_max_pods_per_node": 110,
            "default_snat_status": [
              {
                "disabled": false
              }
            ],
            "description": "",
            "enable_autopilot": false,
            "enable_binary_authorization": false,
            "enable_intranode_visibility": false,
            "enable_kubernetes_alpha": false,
            "enable_legacy_abac": false,
            "enable_shielded_nodes": false,
            "enable_tpu": false,
            "endpoint": "34.28.170.115",
            "id": "projects/devops-project-wizard-crud/locations/us-central1/clusters/mern-cluster",
            "initial_node_count": 0,
            "instance_group_urls": [],
            "ip_allocation_policy": [
              {
                "cluster_ipv4_cidr_block": "10.68.0.0/14",
                "cluster_secondary_range_name": "gke-mern-cluster-pods-dc9f5f10",
                "services_ipv4_cidr_block": "10.82.0.0/20",
                "services_secondary_range_name": "gke-mern-cluster-services-dc9f5f10"
              }
            ],
            "label_fingerprint": "a9dc16a7",
            "location": "us-central1",
            "logging_config": [
              {
                "enable_components": [
                  "SYSTEM_COMPONENTS",
                  "WORKLOADS"
                ]
              }
            ],
            "logging_service": "logging.googleapis.com/kubernetes",
            "maintenance_policy": [],
            "master_auth": [
              {
                "client_certificate": "",
                "client_certificate_config": [
                  {
                    "issue_client_certificate": false
                  }
                ],
                "client_key": "",
                "cluster_ca_certificate": "LS0tLS1CRUdJTiBDRVJUSUZJQ0FURS0tLS0tCk1JSUVMRENDQXBTZ0F3SUJBZ0lRVUp0am16Z2Rwa280YjI1OThQSTZRekFOQmdrcWhraUc5dzBCQVFzRkFEQXYKTVMwd0t3WURWUVFERXlRMFlXWXpZelUyTWkwMFpXRTJMVFExWVdJdE9HRXdaaTFoTXpBNU5qaG1OemczTVRBdwpJQmNOTWpRd05UQTBNVEF5T1RVd1doZ1BNakExTkRBME1qY3hNVEk1TlRCYU1DOHhMVEFyQmdOVkJBTVRKRFJoClpqTmpOVFl5TFRSbFlUWXRORFZoWWkwNFlUQm1MV0V6TURrMk9HWTNPRGN4TURDQ0FhSXdEUVlKS29aSWh2Y04KQVFFQkJRQURnZ0dQQURDQ0FZb0NnZ0dCQUtQN0hKN0tLRmtnUGFCSzY3aE1UQ3lydmxydkFhTS9STlJveVZkUQpsSGZqSmJzeHZlcU82T0Ntc2tmRFM0RmY5akFxcmNKQ3pkZGRTK1Rhd3FOSTVzQzFXYlBQaFp1YVJhVitqSm5NCjlDYjFyWGtuWExHMW5jN2dXMXZQUmZEa0VMZHRqVG0rSEFPdy9aL1BCOTNjaWU4RFIyZFZ1bms0REt6dU40WnAKNG5Yb0lwZXVMbldDUDd3SFFoWU9ZSXZHNWh6UjFIa2xsWkpFM01FaWR5Rmk3Ukh5Y08veWRFa1pRaDdLdGFTUwoyT01zWW96bU9YN3l2SE82Uk1UT3F4OVE1VHRpZjNyVFdrQVF2WWU0amVvNE9zV3diaEpVbDl5YkllS254azNBCnIvU1RkbzQ4M1RWMTgwa0xqMFU0MzNtbGwrZ09nenJ1UEdvT2dJdU1jNkZLYldFcnp3bDJxUnpqcGJRUzJCd1IKMG9LeUhEZXhieXNoSkhEUC9uTlMyUHhzQ0FBM05YcE1sSXdWZkpPVXVoSlVHYTVWRkcvOFdLbXZ3dDl4ZmRpcApGejFwWXlPcjNuVGwrOGVhOWJPbGpEL082c3h5bmRjL3ZrVHFTcy9lamx0Z2xnVUJUM3dYbEtMbEV6eXlkQnoyCnlNNkFoeDBWR1l0VUtNOVptQW4rRXVPeUpRSURBUUFCbzBJd1FEQU9CZ05WSFE4QkFmOEVCQU1DQWdRd0R3WUQKVlIwVEFRSC9CQVV3QXdFQi96QWRCZ05WSFE0RUZnUVUxK1h4ODRWZzlhVFY2NGNqeSsvc2RCVDJKR3N3RFFZSgpLb1pJaHZjTkFRRUxCUUFEZ2dHQkFBWEJ6WlZkVW5SSlVrMUczNjNMZVl4UTArU09QY2wweWluTHVZVDAvYzdqCjJsOXlWS2IwSjEwalhnNnlDRkx6bGprMG51eThaZnlESlJqalhuTW9RclEydVJ3dWZjTmtJMU5NREsyNllKdzYKSHVZeUxyNzJNRGRFSkYvbUNiSitTUE5xNDdHNHRLWmVlZU50VFl4Y2htTHF2UTIveWlLL0RwVzJTL1Z2am02YQpETUhSU0lxSFA3b0pPYTJtcVNyVXVERmVWMlRtRG1mcUlxQ0UrZWw3Q0J1clFLdTBtcGM2Sys0eC9mbnYra3pqClgzREJXYUM5emdzSUlEeDdvbm5LaHRpZk9yUlAyaTlnQ1BYSjVZeXorR1lKQ0IyZWVzTXFCaXdyQk1OZDd4bU8KMWxaV09GZUxrTmNWajg5a1BMYjhPbGhmMklSUzdOOXpQMHRPanhiMExTV05NR3Bhc3l1M3VBNm9QZHp5NmZ3TwoxdXd1OHdpMjVoREhaaU5EWE1rVTF4Z0pGYmNzeENxNjFPdHJLTU1ZTWQ0SktQRWUzL1Y3Y1V5RXFVemgrYTV2Cm1CSXhaelBPZW1YMEpZaFRYeUxkQ253MFBZd2dTNndwcUZXdTBuaEQrMnVsaW82bW5UOElGdzJRQUVnUGY1TkcKN3RvNktBdXN3eVhGUGZ4SUNUZlZyZz09Ci0tLS0tRU5EIENFUlRJRklDQVRFLS0tLS0K",
                "password": "",
                "username": ""
              }
            ],
            "master_authorized_networks_config": [],
            "master_version": "1.28.7-gke.1026000",
            "min_master_version": null,
            "monitoring_config": [
              {
                "enable_components": [
                  "SYSTEM_COMPONENTS"
                ]
              }
            ],
            "monitoring_service": "monitoring.googleapis.com/kubernetes",
            "name": "mern-cluster",
            "network": "projects/devops-project-wizard-crud/global/networks/default",
            "network_policy": [
              {
                "enabled": false,
                "provider": "PROVIDER_UNSPECIFIED"
              }
            ],
            "networking_mode": "VPC_NATIVE",
            "node_config": [],
            "node_locations": [
              "us-central1-b",
              "us-central1-c",
              "us-central1-f"
            ],
            "node_pool": [],
            "node_version": "1.28.7-gke.1026000",
            "operation": null,
            "pod_security_policy_config": [],
            "private_cluster_config": [
              {
                "enable_private_endpoint": false,
                "enable_private_nodes": false,
                "master_global_access_config": [
                  {
                    "enabled": false
                  }
                ],
                "master_ipv4_cidr_block": "",
                "peering_name": "",
                "private_endpoint": "10.128.0.2",
                "public_endpoint": "34.28.170.115"
              }
            ],
            "private_ipv6_google_access": "",
            "project": "devops-project-wizard-crud",
            "release_channel": [
              {
                "channel": "REGULAR"
              }
            ],
            "remove_default_node_pool": true,
            "resource_labels": null,
            "resource_usage_export_config": [],
            "self_link": "https://container.googleapis.com/v1beta1/projects/devops-project-wizard-crud/locations/us-central1/clusters/mern-cluster",
            "services_ipv4_cidr": "10.82.0.0/20",
            "subnetwork": "projects/devops-project-wizard-crud/regions/us-central1/subnetworks/default",
            "timeouts": null,
            "tpu_ipv4_cidr_block": "",
            "vertical_pod_autoscaling": [],
            "workload_identity_config": []
          },
          "sensitive_attributes": [
            [
              {
                "type": "get_attr",
                "value": "master_auth"
              },
              {
                "type": "index",
                "value": {
                  "value": 0,
                  "type": "number"
                }
              },
              {
                "type": "get_attr",
                "value": "client_key"
              }
            ],
            [
              {
                "type": "get_attr",
                "value": "master_auth"
              },
              {
                "type": "index",
                "value": {
                  "value": 0,
                  "type": "number"
                }
              },
              {
                "type": "get_attr",
                "value": "password"
              }
            ]
          ],
          "private": "eyJlMmJmYjczMC1lY2FhLTExZTYtOGY4OC0zNDM2M2JjN2M0YzAiOnsiY3JlYXRlIjoyNDAwMDAwMDAwMDAwLCJkZWxldGUiOjI0MDAwMDAwMDAwMDAsInJlYWQiOjI0MDAwMDAwMDAwMDAsInVwZGF0ZSI6MzYwMDAwMDAwMDAwMH0sInNjaGVtYV92ZXJzaW9uIjoiMSJ9"
        }
      ]
    }
  ],
  "check_results": null
}
